
Microsoft Visual Studio Solution File, Format Version 12.00
# Visual Studio Version 16
VisualStudioVersion = 25.0.1706.7
MinimumVisualStudioVersion = 10.0.40219.1
Project("{FAE04EC0-301F-11D3-BF4B-00C04F79EFBC}") = "CarLotSimulator", "CarLotSimulator.csproj", "{47E976FD-E708-4D6E-84FB-13B2F2FCF099}"
EndProject
Global
	GlobalSection(SolutionConfigurationPlatforms) = preSolution
		Debug|Any CPU = Debug|Any CPU
		Release|Any CPU = Release|Any CPU
	EndGlobalSection
	GlobalSection(ProjectConfigurationPlatforms) = postSolution
		{47E976FD-E708-4D6E-84FB-13B2F2FCF099}.Debug|Any CPU.ActiveCfg = Debug|Any CPU
		{47E976FD-E708-4D6E-84FB-13B2F2FCF099}.Debug|Any CPU.Build.0 = Debug|Any CPU
		{47E976FD-E708-4D6E-84FB-13B2F2FCF099}.Release|Any CPU.ActiveCfg = Release|Any CPU
		{47E976FD-E708-4D6E-84FB-13B2F2FCF099}.Release|Any CPU.Build.0 = Release|Any CPU
	EndGlobalSection
	GlobalSection(SolutionProperties) = preSolution
		HideSolutionNode = FALSE
	EndGlobalSection
	GlobalSection(ExtensibilityGlobals) = postSolution
		SolutionGuid = {1EC5A813-CB32-4CFD-A5BC-E3B8AB10B454}
	EndGlobalSection
EndGlobal
